// !$*UTF8*$!
{
	archiveVersion = 1;
	classes = {
	};
	objectVersion = 56;
	objects = {

/* Begin PBXBuildFile section */
		1825C4422BB119E3000FB7F7 /* LoginScreenPractice.swift in Sources */ = {isa = PBXBuildFile; fileRef = 1825C4412BB119E3000FB7F7 /* LoginScreenPractice.swift */; };
		1825C4442BB11CD5000FB7F7 /* LoginViewModel.swift in Sources */ = {isa = PBXBuildFile; fileRef = 1825C4432BB11CD5000FB7F7 /* LoginViewModel.swift */; };
		18359A7B2BB28E910047D289 /* LoginScreen.swift in Sources */ = {isa = PBXBuildFile; fileRef = 18359A7A2BB28E910047D289 /* LoginScreen.swift */; };
		18359A872BB29D980047D289 /* Functions.swift in Sources */ = {isa = PBXBuildFile; fileRef = 18359A862BB29D980047D289 /* Functions.swift */; };
		18FD105E2BB0E95C00169F86 /* FirstSessionFlowApp.swift in Sources */ = {isa = PBXBuildFile; fileRef = 18FD105D2BB0E95C00169F86 /* FirstSessionFlowApp.swift */; };
		18FD10602BB0E95C00169F86 /* ContentView.swift in Sources */ = {isa = PBXBuildFile; fileRef = 18FD105F2BB0E95C00169F86 /* ContentView.swift */; };
		18FD10622BB0E95C00169F86 /* Item.swift in Sources */ = {isa = PBXBuildFile; fileRef = 18FD10612BB0E95C00169F86 /* Item.swift */; };
		18FD10642BB0E95E00169F86 /* Assets.xcassets in Resources */ = {isa = PBXBuildFile; fileRef = 18FD10632BB0E95E00169F86 /* Assets.xcassets */; };
		18FD10672BB0E95E00169F86 /* Preview Assets.xcassets in Resources */ = {isa = PBXBuildFile; fileRef = 18FD10662BB0E95E00169F86 /* Preview Assets.xcassets */; };
		60CE56CC5D1F4363F63DCD89 /* Pods_FirstSessionFlow.framework in Frameworks */ = {isa = PBXBuildFile; fileRef = FD70DEAE89CE7660FE7430F1 /* Pods_FirstSessionFlow.framework */; };
/* End PBXBuildFile section */

/* Begin PBXFileReference section */
		1825C4412BB119E3000FB7F7 /* LoginScreenPractice.swift */ = {isa = PBXFileReference; lastKnownFileType = sourcecode.swift; path = LoginScreenPractice.swift; sourceTree = "<group>"; };
		1825C4432BB11CD5000FB7F7 /* LoginViewModel.swift */ = {isa = PBXFileReference; lastKnownFileType = sourcecode.swift; path = LoginViewModel.swift; sourceTree = "<group>"; };
		18359A7A2BB28E910047D289 /* LoginScreen.swift */ = {isa = PBXFileReference; lastKnownFileType = sourcecode.swift; path = LoginScreen.swift; sourceTree = "<group>"; };
		18359A862BB29D980047D289 /* Functions.swift */ = {isa = PBXFileReference; lastKnownFileType = sourcecode.swift; path = Functions.swift; sourceTree = "<group>"; };
		18FD105A2BB0E95C00169F86 /* FirstSessionFlow.app */ = {isa = PBXFileReference; explicitFileType = wrapper.application; includeInIndex = 0; path = FirstSessionFlow.app; sourceTree = BUILT_PRODUCTS_DIR; };
		18FD105D2BB0E95C00169F86 /* FirstSessionFlowApp.swift */ = {isa = PBXFileReference; lastKnownFileType = sourcecode.swift; path = FirstSessionFlowApp.swift; sourceTree = "<group>"; };
		18FD105F2BB0E95C00169F86 /* ContentView.swift */ = {isa = PBXFileReference; lastKnownFileType = sourcecode.swift; path = ContentView.swift; sourceTree = "<group>"; };
		18FD10612BB0E95C00169F86 /* Item.swift */ = {isa = PBXFileReference; lastKnownFileType = sourcecode.swift; path = Item.swift; sourceTree = "<group>"; };
		18FD10632BB0E95E00169F86 /* Assets.xcassets */ = {isa = PBXFileReference; lastKnownFileType = folder.assetcatalog; path = Assets.xcassets; sourceTree = "<group>"; };
		18FD10662BB0E95E00169F86 /* Preview Assets.xcassets */ = {isa = PBXFileReference; lastKnownFileType = folder.assetcatalog; path = "Preview Assets.xcassets"; sourceTree = "<group>"; };
		25F45C144009DCB73D7BD227 /* Pods-FirstSessionFlow.release.xcconfig */ = {isa = PBXFileReference; includeInIndex = 1; lastKnownFileType = text.xcconfig; name = "Pods-FirstSessionFlow.release.xcconfig"; path = "Target Support Files/Pods-FirstSessionFlow/Pods-FirstSessionFlow.release.xcconfig"; sourceTree = "<group>"; };
		EC00012757838620B23D67C7 /* Pods-FirstSessionFlow.debug.xcconfig */ = {isa = PBXFileReference; includeInIndex = 1; lastKnownFileType = text.xcconfig; name = "Pods-FirstSessionFlow.debug.xcconfig"; path = "Target Support Files/Pods-FirstSessionFlow/Pods-FirstSessionFlow.debug.xcconfig"; sourceTree = "<group>"; };
		FD70DEAE89CE7660FE7430F1 /* Pods_FirstSessionFlow.framework */ = {isa = PBXFileReference; explicitFileType = wrapper.framework; includeInIndex = 0; path = Pods_FirstSessionFlow.framework; sourceTree = BUILT_PRODUCTS_DIR; };
/* End PBXFileReference section */

/* Begin PBXFrameworksBuildPhase section */
		18FD10572BB0E95C00169F86 /* Frameworks */ = {
			isa = PBXFrameworksBuildPhase;
			buildActionMask = 2147483647;
			files = (
				60CE56CC5D1F4363F63DCD89 /* Pods_FirstSessionFlow.framework in Frameworks */,
			);
			runOnlyForDeploymentPostprocessing = 0;
		};
/* End PBXFrameworksBuildPhase section */

/* Begin PBXGroup section */
		1825C4382BB117E4000FB7F7 /* Code */ = {
			isa = PBXGroup;
			children = (
				1825C43B2BB1185C000FB7F7 /* Home */,
				1825C43A2BB11841000FB7F7 /* Auth */,
			);
			path = Code;
			sourceTree = "<group>";
		};
		1825C43A2BB11841000FB7F7 /* Auth */ = {
			isa = PBXGroup;
			children = (
				1825C43D2BB1186D000FB7F7 /* Signup */,
				1825C43C2BB11867000FB7F7 /* Login */,
			);
			name = Auth;
			sourceTree = "<group>";
		};
		1825C43B2BB1185C000FB7F7 /* Home */ = {
			isa = PBXGroup;
			children = (
			);
			path = Home;
			sourceTree = "<group>";
		};
		1825C43C2BB11867000FB7F7 /* Login */ = {
			isa = PBXGroup;
			children = (
				1825C4402BB118B9000FB7F7 /* UI */,
				1825C43F2BB118B2000FB7F7 /* Domain */,
				1825C43E2BB118AC000FB7F7 /* Data */,
			);
			path = Login;
			sourceTree = "<group>";
		};
		1825C43D2BB1186D000FB7F7 /* Signup */ = {
			isa = PBXGroup;
			children = (
			);
			name = Signup;
			sourceTree = "<group>";
		};
		1825C43E2BB118AC000FB7F7 /* Data */ = {
			isa = PBXGroup;
			children = (
			);
			name = Data;
			sourceTree = "<group>";
		};
		1825C43F2BB118B2000FB7F7 /* Domain */ = {
			isa = PBXGroup;
			children = (
			);
			path = Domain;
			sourceTree = "<group>";
		};
		1825C4402BB118B9000FB7F7 /* UI */ = {
			isa = PBXGroup;
			children = (
				1825C4412BB119E3000FB7F7 /* LoginScreenPractice.swift */,
				1825C4432BB11CD5000FB7F7 /* LoginViewModel.swift */,
				18359A7A2BB28E910047D289 /* LoginScreen.swift */,
			);
			name = UI;
			sourceTree = "<group>";
		};
		18359A852BB29D790047D289 /* Helpers */ = {
			isa = PBXGroup;
			children = (
				18359A862BB29D980047D289 /* Functions.swift */,
			);
			path = Helpers;
			sourceTree = "<group>";
		};
		18FD10512BB0E95C00169F86 = {
			isa = PBXGroup;
			children = (
				18FD105C2BB0E95C00169F86 /* FirstSessionFlow */,
				18FD105B2BB0E95C00169F86 /* Products */,
				99EDC2042E767C7F9DDF1D95 /* Pods */,
				A791068BCA6333FD3CBF1CBE /* Frameworks */,
			);
			sourceTree = "<group>";
		};
		18FD105B2BB0E95C00169F86 /* Products */ = {
			isa = PBXGroup;
			children = (
				18FD105A2BB0E95C00169F86 /* FirstSessionFlow.app */,
			);
			name = Products;
			sourceTree = "<group>";
		};
		18FD105C2BB0E95C00169F86 /* FirstSessionFlow */ = {
			isa = PBXGroup;
			children = (
				18359A852BB29D790047D289 /* Helpers */,
				1825C4382BB117E4000FB7F7 /* Code */,
				18FD105D2BB0E95C00169F86 /* FirstSessionFlowApp.swift */,
				18FD105F2BB0E95C00169F86 /* ContentView.swift */,
				18FD10612BB0E95C00169F86 /* Item.swift */,
				18FD10632BB0E95E00169F86 /* Assets.xcassets */,
				18FD10652BB0E95E00169F86 /* Preview Content */,
			);
			path = FirstSessionFlow;
			sourceTree = "<group>";
		};
		18FD10652BB0E95E00169F86 /* Preview Content */ = {
			isa = PBXGroup;
			children = (
				18FD10662BB0E95E00169F86 /* Preview Assets.xcassets */,
			);
			path = "Preview Content";
			sourceTree = "<group>";
		};
		99EDC2042E767C7F9DDF1D95 /* Pods */ = {
			isa = PBXGroup;
			children = (
				EC00012757838620B23D67C7 /* Pods-FirstSessionFlow.debug.xcconfig */,
				25F45C144009DCB73D7BD227 /* Pods-FirstSessionFlow.release.xcconfig */,
			);
			path = Pods;
			sourceTree = "<group>";
		};
		A791068BCA6333FD3CBF1CBE /* Frameworks */ = {
			isa = PBXGroup;
			children = (
				FD70DEAE89CE7660FE7430F1 /* Pods_FirstSessionFlow.framework */,
			);
			name = Frameworks;
			sourceTree = "<group>";
		};
/* End PBXGroup section */

/* Begin PBXNativeTarget section */
		18FD10592BB0E95C00169F86 /* FirstSessionFlow */ = {
			isa = PBXNativeTarget;
			buildConfigurationList = 18FD106A2BB0E95E00169F86 /* Build configuration list for PBXNativeTarget "FirstSessionFlow" */;
			buildPhases = (
				0F60312DE18E3E3C3CF86529 /* [CP] Check Pods Manifest.lock */,
				18FD10562BB0E95C00169F86 /* Sources */,
				18FD10572BB0E95C00169F86 /* Frameworks */,
				18FD10582BB0E95C00169F86 /* Resources */,
				1825C4362BB10CD3000FB7F7 /* ShellScript */,
			);
			buildRules = (
			);
			dependencies = (
			);
			name = FirstSessionFlow;
			productName = FirstSessionFlow;
			productReference = 18FD105A2BB0E95C00169F86 /* FirstSessionFlow.app */;
			productType = "com.apple.product-type.application";
		};
/* End PBXNativeTarget section */

/* Begin PBXProject section */
		18FD10522BB0E95C00169F86 /* Project object */ = {
			isa = PBXProject;
			attributes = {
				BuildIndependentTargetsInParallel = 1;
				LastSwiftUpdateCheck = 1520;
				LastUpgradeCheck = 1520;
				TargetAttributes = {
					18FD10592BB0E95C00169F86 = {
						CreatedOnToolsVersion = 15.2;
					};
				};
			};
			buildConfigurationList = 18FD10552BB0E95C00169F86 /* Build configuration list for PBXProject "FirstSessionFlow" */;
			compatibilityVersion = "Xcode 14.0";
			developmentRegion = en;
			hasScannedForEncodings = 0;
			knownRegions = (
				en,
				Base,
			);
			mainGroup = 18FD10512BB0E95C00169F86;
			productRefGroup = 18FD105B2BB0E95C00169F86 /* Products */;
			projectDirPath = "";
			projectRoot = "";
			targets = (
				18FD10592BB0E95C00169F86 /* FirstSessionFlow */,
			);
		};
/* End PBXProject section */

/* Begin PBXResourcesBuildPhase section */
		18FD10582BB0E95C00169F86 /* Resources */ = {
			isa = PBXResourcesBuildPhase;
			buildActionMask = 2147483647;
			files = (
				18FD10672BB0E95E00169F86 /* Preview Assets.xcassets in Resources */,
				18FD10642BB0E95E00169F86 /* Assets.xcassets in Resources */,
			);
			runOnlyForDeploymentPostprocessing = 0;
		};
/* End PBXResourcesBuildPhase section */

/* Begin PBXShellScriptBuildPhase section */
		0F60312DE18E3E3C3CF86529 /* [CP] Check Pods Manifest.lock */ = {
			isa = PBXShellScriptBuildPhase;
			buildActionMask = 2147483647;
			files = (
			);
			inputFileListPaths = (
			);
			inputPaths = (
				"${PODS_PODFILE_DIR_PATH}/Podfile.lock",
				"${PODS_ROOT}/Manifest.lock",
			);
			name = "[CP] Check Pods Manifest.lock";
			outputFileListPaths = (
			);
			outputPaths = (
				"$(DERIVED_FILE_DIR)/Pods-FirstSessionFlow-checkManifestLockResult.txt",
			);
			runOnlyForDeploymentPostprocessing = 0;
			shellPath = /bin/sh;
			shellScript = "diff \"${PODS_PODFILE_DIR_PATH}/Podfile.lock\" \"${PODS_ROOT}/Manifest.lock\" > /dev/null\nif [ $? != 0 ] ; then\n    # print error to STDERR\n    echo \"error: The sandbox is not in sync with the Podfile.lock. Run 'pod install' or update your CocoaPods installation.\" >&2\n    exit 1\nfi\n# This output is used by Xcode 'outputs' to avoid re-running this script phase.\necho \"SUCCESS\" > \"${SCRIPT_OUTPUT_FILE_0}\"\n";
			showEnvVarsInLog = 0;
		};
		1825C4362BB10CD3000FB7F7 /* ShellScript */ = {
			isa = PBXShellScriptBuildPhase;
			buildActionMask = 12;
			files = (
			);
			inputFileListPaths = (
			);
			inputPaths = (
			);
			outputFileListPaths = (
			);
			outputPaths = (
			);
			runOnlyForDeploymentPostprocessing = 0;
			shellPath = /bin/sh;
			shellScript = "# Type a script or drag a script file from your workspace to insert its path.\n\"${PODS_ROOT}/SwiftLint/swiftlint\"\n\n";
		};
/* End PBXShellScriptBuildPhase section */

/* Begin PBXSourcesBuildPhase section */
		18FD10562BB0E95C00169F86 /* Sources */ = {
			isa = PBXSourcesBuildPhase;
			buildActionMask = 2147483647;
			files = (
				18FD10602BB0E95C00169F86 /* ContentView.swift in Sources */,
				1825C4422BB119E3000FB7F7 /* LoginScreenPractice.swift in Sources */,
				18FD10622BB0E95C00169F86 /* Item.swift in Sources */,
				18359A872BB29D980047D289 /* Functions.swift in Sources */,
				1825C4442BB11CD5000FB7F7 /* LoginViewModel.swift in Sources */,
				18FD105E2BB0E95C00169F86 /* FirstSessionFlowApp.swift in Sources */,
				18359A7B2BB28E910047D289 /* LoginScreen.swift in Sources */,
			);
			runOnlyForDeploymentPostprocessing = 0;
		};
/* End PBXSourcesBuildPhase section */

/* Begin XCBuildConfiguration section */
		18FD10682BB0E95E00169F86 /* Debug */ = {
			isa = XCBuildConfiguration;
			buildSettings = {
				ALWAYS_SEARCH_USER_PATHS = NO;
				ASSETCATALOG_COMPILER_GENERATE_SWIFT_ASSET_SYMBOL_EXTENSIONS = YES;
				CLANG_ANALYZER_NONNULL = YES;
				CLANG_ANALYZER_NUMBER_OBJECT_CONVERSION = YES_AGGRESSIVE;
				CLANG_CXX_LANGUAGE_STANDARD = "gnu++20";
				CLANG_ENABLE_MODULES = YES;
				CLANG_ENABLE_OBJC_ARC = YES;
				CLANG_ENABLE_OBJC_WEAK = YES;
				CLANG_WARN_BLOCK_CAPTURE_AUTORELEASING = YES;
				CLANG_WARN_BOOL_CONVERSION = YES;
				CLANG_WARN_COMMA = YES;
				CLANG_WARN_CONSTANT_CONVERSION = YES;
				CLANG_WARN_DEPRECATED_OBJC_IMPLEMENTATIONS = YES;
				CLANG_WARN_DIRECT_OBJC_ISA_USAGE = YES_ERROR;
				CLANG_WARN_DOCUMENTATION_COMMENTS = YES;
				CLANG_WARN_EMPTY_BODY = YES;
				CLANG_WARN_ENUM_CONVERSION = YES;
				CLANG_WARN_INFINITE_RECURSION = YES;
				CLANG_WARN_INT_CONVERSION = YES;
				CLANG_WARN_NON_LITERAL_NULL_CONVERSION = YES;
				CLANG_WARN_OBJC_IMPLICIT_RETAIN_SELF = YES;
				CLANG_WARN_OBJC_LITERAL_CONVERSION = YES;
				CLANG_WARN_OBJC_ROOT_CLASS = YES_ERROR;
				CLANG_WARN_QUOTED_INCLUDE_IN_FRAMEWORK_HEADER = YES;
				CLANG_WARN_RANGE_LOOP_ANALYSIS = YES;
				CLANG_WARN_STRICT_PROTOTYPES = YES;
				CLANG_WARN_SUSPICIOUS_MOVE = YES;
				CLANG_WARN_UNGUARDED_AVAILABILITY = YES_AGGRESSIVE;
				CLANG_WARN_UNREACHABLE_CODE = YES;
				CLANG_WARN__DUPLICATE_METHOD_MATCH = YES;
				COPY_PHASE_STRIP = NO;
				DEBUG_INFORMATION_FORMAT = dwarf;
				ENABLE_STRICT_OBJC_MSGSEND = YES;
				ENABLE_TESTABILITY = YES;
				ENABLE_USER_SCRIPT_SANDBOXING = YES;
				GCC_C_LANGUAGE_STANDARD = gnu17;
				GCC_DYNAMIC_NO_PIC = NO;
				GCC_NO_COMMON_BLOCKS = YES;
				GCC_OPTIMIZATION_LEVEL = 0;
				GCC_PREPROCESSOR_DEFINITIONS = (
					"DEBUG=1",
					"$(inherited)",
				);
				GCC_WARN_64_TO_32_BIT_CONVERSION = YES;
				GCC_WARN_ABOUT_RETURN_TYPE = YES_ERROR;
				GCC_WARN_UNDECLARED_SELECTOR = YES;
				GCC_WARN_UNINITIALIZED_AUTOS = YES_AGGRESSIVE;
				GCC_WARN_UNUSED_FUNCTION = YES;
				GCC_WARN_UNUSED_VARIABLE = YES;
				IPHONEOS_DEPLOYMENT_TARGET = 17.2;
				LOCALIZATION_PREFERS_STRING_CATALOGS = YES;
				MTL_ENABLE_DEBUG_INFO = INCLUDE_SOURCE;
				MTL_FAST_MATH = YES;
				ONLY_ACTIVE_ARCH = YES;
				SDKROOT = iphoneos;
				SWIFT_ACTIVE_COMPILATION_CONDITIONS = "DEBUG $(inherited)";
				SWIFT_OPTIMIZATION_LEVEL = "-Onone";
			};
			name = Debug;
		};
		18FD10692BB0E95E00169F86 /* Release */ = {
			isa = XCBuildConfiguration;
			buildSettings = {
				ALWAYS_SEARCH_USER_PATHS = NO;
				ASSETCATALOG_COMPILER_GENERATE_SWIFT_ASSET_SYMBOL_EXTENSIONS = YES;
				CLANG_ANALYZER_NONNULL = YES;
				CLANG_ANALYZER_NUMBER_OBJECT_CONVERSION = YES_AGGRESSIVE;
				CLANG_CXX_LANGUAGE_STANDARD = "gnu++20";
				CLANG_ENABLE_MODULES = YES;
				CLANG_ENABLE_OBJC_ARC = YES;
				CLANG_ENABLE_OBJC_WEAK = YES;
				CLANG_WARN_BLOCK_CAPTURE_AUTORELEASING = YES;
				CLANG_WARN_BOOL_CONVERSION = YES;
				CLANG_WARN_COMMA = YES;
				CLANG_WARN_CONSTANT_CONVERSION = YES;
				CLANG_WARN_DEPRECATED_OBJC_IMPLEMENTATIONS = YES;
				CLANG_WARN_DIRECT_OBJC_ISA_USAGE = YES_ERROR;
				CLANG_WARN_DOCUMENTATION_COMMENTS = YES;
				CLANG_WARN_EMPTY_BODY = YES;
				CLANG_WARN_ENUM_CONVERSION = YES;
				CLANG_WARN_INFINITE_RECURSION = YES;
				CLANG_WARN_INT_CONVERSION = YES;
				CLANG_WARN_NON_LITERAL_NULL_CONVERSION = YES;
				CLANG_WARN_OBJC_IMPLICIT_RETAIN_SELF = YES;
				CLANG_WARN_OBJC_LITERAL_CONVERSION = YES;
				CLANG_WARN_OBJC_ROOT_CLASS = YES_ERROR;
				CLANG_WARN_QUOTED_INCLUDE_IN_FRAMEWORK_HEADER = YES;
				CLANG_WARN_RANGE_LOOP_ANALYSIS = YES;
				CLANG_WARN_STRICT_PROTOTYPES = YES;
				CLANG_WARN_SUSPICIOUS_MOVE = YES;
				CLANG_WARN_UNGUARDED_AVAILABILITY = YES_AGGRESSIVE;
				CLANG_WARN_UNREACHABLE_CODE = YES;
				CLANG_WARN__DUPLICATE_METHOD_MATCH = YES;
				COPY_PHASE_STRIP = NO;
				DEBUG_INFORMATION_FORMAT = "dwarf-with-dsym";
				ENABLE_NS_ASSERTIONS = NO;
				ENABLE_STRICT_OBJC_MSGSEND = YES;
				ENABLE_USER_SCRIPT_SANDBOXING = YES;
				GCC_C_LANGUAGE_STANDARD = gnu17;
				GCC_NO_COMMON_BLOCKS = YES;
				GCC_WARN_64_TO_32_BIT_CONVERSION = YES;
				GCC_WARN_ABOUT_RETURN_TYPE = YES_ERROR;
				GCC_WARN_UNDECLARED_SELECTOR = YES;
				GCC_WARN_UNINITIALIZED_AUTOS = YES_AGGRESSIVE;
				GCC_WARN_UNUSED_FUNCTION = YES;
				GCC_WARN_UNUSED_VARIABLE = YES;
				IPHONEOS_DEPLOYMENT_TARGET = 17.2;
				LOCALIZATION_PREFERS_STRING_CATALOGS = YES;
				MTL_ENABLE_DEBUG_INFO = NO;
				MTL_FAST_MATH = YES;
				SDKROOT = iphoneos;
				SWIFT_COMPILATION_MODE = wholemodule;
				VALIDATE_PRODUCT = YES;
			};
			name = Release;
		};
		18FD106B2BB0E95E00169F86 /* Debug */ = {
			isa = XCBuildConfiguration;
			baseConfigurationReference = EC00012757838620B23D67C7 /* Pods-FirstSessionFlow.debug.xcconfig */;
			buildSettings = {
				ASSETCATALOG_COMPILER_APPICON_NAME = AppIcon;
				ASSETCATALOG_COMPILER_GLOBAL_ACCENT_COLOR_NAME = AccentColor;
				CODE_SIGN_STYLE = Automatic;
				CURRENT_PROJECT_VERSION = 1;
				DEVELOPMENT_ASSET_PATHS = "\"FirstSessionFlow/Preview Content\"";
				DEVELOPMENT_TEAM = YF48QV3AHJ;
				ENABLE_PREVIEWS = YES;
				ENABLE_USER_SCRIPT_SANDBOXING = NO;
				GENERATE_INFOPLIST_FILE = YES;
				INFOPLIST_KEY_UIApplicationSceneManifest_Generation = YES;
				INFOPLIST_KEY_UIApplicationSupportsIndirectInputEvents = YES;
				INFOPLIST_KEY_UILaunchScreen_Generation = YES;
				INFOPLIST_KEY_UISupportedInterfaceOrientations_iPad = "UIInterfaceOrientationPortrait UIInterfaceOrientationPortraitUpsideDown UIInterfaceOrientationLandscapeLeft UIInterfaceOrientationLandscapeRight";
				INFOPLIST_KEY_UISupportedInterfaceOrientations_iPhone = "UIInterfaceOrientationPortrait UIInterfaceOrientationLandscapeLeft UIInterfaceOrientationLandscapeRight";
				LD_RUNPATH_SEARCH_PATHS = (
					"$(inherited)",
					"@executable_path/Frameworks",
				);
				MARKETING_VERSION = 1.0;
				PRODUCT_BUNDLE_IDENTIFIER = Sigueme.FirstSessionFlow;
				PRODUCT_NAME = "$(TARGET_NAME)";
				SWIFT_EMIT_LOC_STRINGS = YES;
				SWIFT_VERSION = 5.0;
				TARGETED_DEVICE_FAMILY = "1,2";
			};
			name = Debug;
		};
		18FD106C2BB0E95E00169F86 /* Release */ = {
			isa = XCBuildConfiguration;
			baseConfigurationReference = 25F45C144009DCB73D7BD227 /* Pods-FirstSessionFlow.release.xcconfig */;
			buildSettings = {
				ASSETCATALOG_COMPILER_APPICON_NAME = AppIcon;
				ASSETCATALOG_COMPILER_GLOBAL_ACCENT_COLOR_NAME = AccentColor;
				CODE_SIGN_STYLE = Automatic;
				CURRENT_PROJECT_VERSION = 1;
				DEVELOPMENT_ASSET_PATHS = "\"FirstSessionFlow/Preview Content\"";
				DEVELOPMENT_TEAM = YF48QV3AHJ;
				ENABLE_PREVIEWS = YES;
				ENABLE_USER_SCRIPT_SANDBOXING = NO;
				GENERATE_INFOPLIST_FILE = YES;
				INFOPLIST_KEY_UIApplicationSceneManifest_Generation = YES;
				INFOPLIST_KEY_UIApplicationSupportsIndirectInputEvents = YES;
				INFOPLIST_KEY_UILaunchScreen_Generation = YES;
				INFOPLIST_KEY_UISupportedInterfaceOrientations_iPad = "UIInterfaceOrientationPortrait UIInterfaceOrientationPortraitUpsideDown UIInterfaceOrientationLandscapeLeft UIInterfaceOrientationLandscapeRight";
				INFOPLIST_KEY_UISupportedInterfaceOrientations_iPhone = "UIInterfaceOrientationPortrait UIInterfaceOrientationLandscapeLeft UIInterfaceOrientationLandscapeRight";
				LD_RUNPATH_SEARCH_PATHS = (
					"$(inherited)",
					"@executable_path/Frameworks",
				);
				MARKETING_VERSION = 1.0;
				PRODUCT_BUNDLE_IDENTIFIER = Sigueme.FirstSessionFlow;
				PRODUCT_NAME = "$(TARGET_NAME)";
				SWIFT_EMIT_LOC_STRINGS = YES;
				SWIFT_VERSION = 5.0;
				TARGETED_DEVICE_FAMILY = "1,2";
			};
			name = Release;
		};
/* End XCBuildConfiguration section */

/* Begin XCConfigurationList section */
		18FD10552BB0E95C00169F86 /* Build configuration list for PBXProject "FirstSessionFlow" */ = {
			isa = XCConfigurationList;
			buildConfigurations = (
				18FD10682BB0E95E00169F86 /* Debug */,
				18FD10692BB0E95E00169F86 /* Release */,
			);
			defaultConfigurationIsVisible = 0;
			defaultConfigurationName = Release;
		};
		18FD106A2BB0E95E00169F86 /* Build configuration list for PBXNativeTarget "FirstSessionFlow" */ = {
			isa = XCConfigurationList;
			buildConfigurations = (
				18FD106B2BB0E95E00169F86 /* Debug */,
				18FD106C2BB0E95E00169F86 /* Release */,
			);
			defaultConfigurationIsVisible = 0;
			defaultConfigurationName = Release;
		};
/* End XCConfigurationList section */
	};
	rootObject = 18FD10522BB0E95C00169F86 /* Project object */;
}
